
Microsoft Visual Studio Solution File, Format Version 12.00
# Visual Studio Version 17
VisualStudioVersion = 17.10.35122.118
MinimumVisualStudioVersion = 10.0.40219.1
Project("{9A19103F-16F7-4668-BE54-9A1E7A4F7556}") = "AbsenteeismAPI", "AbsenteeismAPI.csproj", "{4E18D74D-6AE0-473C-AF10-107ED0631524}"
EndProject
Project("{FAE04EC0-301F-11D3-BF4B-00C04F79EFBC}") = "Absenteeism.CommonFunction", "..\Absenteeism.CommonFunction\Absenteeism.CommonFunction.csproj", "{3D72BD5E-4C91-4030-BA6C-1F6CF0A4C9A0}"
EndProject
Project("{FAE04EC0-301F-11D3-BF4B-00C04F79EFBC}") = "Absenteeism.Repository", "..\Absenteeism.Repository\Absenteeism.Repository.csproj", "{C6183064-BC69-4A60-8D6E-0D6DF662F718}"
EndProject
Project("{FAE04EC0-301F-11D3-BF4B-00C04F79EFBC}") = "Absenteeism.Service", "..\Absenteeism.Service\Absenteeism.Service.csproj", "{1302DC77-3A17-462F-AC63-EE023D9C7E35}"
EndProject
Project("{2150E333-8FDC-42A3-9474-1A3956D46DE8}") = "Backend", "Backend", "{A3AF6911-868F-417B-A769-80DEE539E4EC}"
EndProject
Project("{FAE04EC0-301F-11D3-BF4B-00C04F79EFBC}") = "Absenteeism.Models", "..\Absenteeism.Models\Absenteeism.Models.csproj", "{0484967A-96E8-4871-8C56-74D2128A5DFC}"
EndProject
Global
	GlobalSection(SolutionConfigurationPlatforms) = preSolution
		Debug|Any CPU = Debug|Any CPU
		Release|Any CPU = Release|Any CPU
	EndGlobalSection
	GlobalSection(ProjectConfigurationPlatforms) = postSolution
		{4E18D74D-6AE0-473C-AF10-107ED0631524}.Debug|Any CPU.ActiveCfg = Debug|Any CPU
		{4E18D74D-6AE0-473C-AF10-107ED0631524}.Debug|Any CPU.Build.0 = Debug|Any CPU
		{4E18D74D-6AE0-473C-AF10-107ED0631524}.Release|Any CPU.ActiveCfg = Release|Any CPU
		{4E18D74D-6AE0-473C-AF10-107ED0631524}.Release|Any CPU.Build.0 = Release|Any CPU
		{3D72BD5E-4C91-4030-BA6C-1F6CF0A4C9A0}.Debug|Any CPU.ActiveCfg = Debug|Any CPU
		{3D72BD5E-4C91-4030-BA6C-1F6CF0A4C9A0}.Debug|Any CPU.Build.0 = Debug|Any CPU
		{3D72BD5E-4C91-4030-BA6C-1F6CF0A4C9A0}.Release|Any CPU.ActiveCfg = Release|Any CPU
		{3D72BD5E-4C91-4030-BA6C-1F6CF0A4C9A0}.Release|Any CPU.Build.0 = Release|Any CPU
		{C6183064-BC69-4A60-8D6E-0D6DF662F718}.Debug|Any CPU.ActiveCfg = Debug|Any CPU
		{C6183064-BC69-4A60-8D6E-0D6DF662F718}.Debug|Any CPU.Build.0 = Debug|Any CPU
		{C6183064-BC69-4A60-8D6E-0D6DF662F718}.Release|Any CPU.ActiveCfg = Release|Any CPU
		{C6183064-BC69-4A60-8D6E-0D6DF662F718}.Release|Any CPU.Build.0 = Release|Any CPU
		{1302DC77-3A17-462F-AC63-EE023D9C7E35}.Debug|Any CPU.ActiveCfg = Debug|Any CPU
		{1302DC77-3A17-462F-AC63-EE023D9C7E35}.Debug|Any CPU.Build.0 = Debug|Any CPU
		{1302DC77-3A17-462F-AC63-EE023D9C7E35}.Release|Any CPU.ActiveCfg = Release|Any CPU
		{1302DC77-3A17-462F-AC63-EE023D9C7E35}.Release|Any CPU.Build.0 = Release|Any CPU
		{0484967A-96E8-4871-8C56-74D2128A5DFC}.Debug|Any CPU.ActiveCfg = Debug|Any CPU
		{0484967A-96E8-4871-8C56-74D2128A5DFC}.Debug|Any CPU.Build.0 = Debug|Any CPU
		{0484967A-96E8-4871-8C56-74D2128A5DFC}.Release|Any CPU.ActiveCfg = Release|Any CPU
		{0484967A-96E8-4871-8C56-74D2128A5DFC}.Release|Any CPU.Build.0 = Release|Any CPU
	EndGlobalSection
	GlobalSection(SolutionProperties) = preSolution
		HideSolutionNode = FALSE
	EndGlobalSection
	GlobalSection(NestedProjects) = preSolution
		{3D72BD5E-4C91-4030-BA6C-1F6CF0A4C9A0} = {A3AF6911-868F-417B-A769-80DEE539E4EC}
		{C6183064-BC69-4A60-8D6E-0D6DF662F718} = {A3AF6911-868F-417B-A769-80DEE539E4EC}
		{1302DC77-3A17-462F-AC63-EE023D9C7E35} = {A3AF6911-868F-417B-A769-80DEE539E4EC}
		{0484967A-96E8-4871-8C56-74D2128A5DFC} = {A3AF6911-868F-417B-A769-80DEE539E4EC}
	EndGlobalSection
	GlobalSection(ExtensibilityGlobals) = postSolution
		SolutionGuid = {1E5713AE-7312-46C7-9208-CA689F3433FF}
	EndGlobalSection
EndGlobal
